// !$*UTF8*$!
{
	archiveVersion = 1;
	classes = {
	};
	objectVersion = 51;
	objects = {

/* Begin PBXBuildFile section */
		0B782AC60B885CEF9F31F2F1 /* Pods_ecommerce_admin.framework in Frameworks */ = {isa = PBXBuildFile; fileRef = D07E7321DA44FDC43DB019CF /* Pods_ecommerce_admin.framework */; };
		16D6350C3BA3786F69F48956 /* Pods_ecommerce_app.framework in Frameworks */ = {isa = PBXBuildFile; fileRef = 3E9ED55538264047EE7840F8 /* Pods_ecommerce_app.framework */; };
		740383212594F75A0090FF7E /* Purchase.swift in Sources */ = {isa = PBXBuildFile; fileRef = 740383202594F75A0090FF7E /* Purchase.swift */; };
		740383262595099A0090FF7E /* purchaseDoneVC.swift in Sources */ = {isa = PBXBuildFile; fileRef = 74038324259509990090FF7E /* purchaseDoneVC.swift */; };
		740383272595099A0090FF7E /* purchaseDoneVC.xib in Resources */ = {isa = PBXBuildFile; fileRef = 74038325259509990090FF7E /* purchaseDoneVC.xib */; };
		740383402595CB3D0090FF7E /* Assets.xcassets in Resources */ = {isa = PBXBuildFile; fileRef = 74306C24256BE09100CEB143 /* Assets.xcassets */; };
		740383472595CC120090FF7E /* Assets.xcassets in Resources */ = {isa = PBXBuildFile; fileRef = 74306C24256BE09100CEB143 /* Assets.xcassets */; };
		7403837D2597E3DC0090FF7E /* iCarousel.m in Sources */ = {isa = PBXBuildFile; fileRef = 7403837B2597E3DC0090FF7E /* iCarousel.m */; };
		7403837E2597E3DC0090FF7E /* iCarousel.m in Sources */ = {isa = PBXBuildFile; fileRef = 7403837B2597E3DC0090FF7E /* iCarousel.m */; };
		740383832597EF150090FF7E /* CheckoutVC.swift in Sources */ = {isa = PBXBuildFile; fileRef = 74505D8D2581EB49006750BD /* CheckoutVC.swift */; };
		740383A32597F29C0090FF7E /* Purchase.swift in Sources */ = {isa = PBXBuildFile; fileRef = 740383202594F75A0090FF7E /* Purchase.swift */; };
		740383A62597F2D90090FF7E /* CartItemCell.swift in Sources */ = {isa = PBXBuildFile; fileRef = 74505D9125828DB9006750BD /* CartItemCell.swift */; };
		740383A92597F2EE0090FF7E /* purchaseDoneVC.swift in Sources */ = {isa = PBXBuildFile; fileRef = 74038324259509990090FF7E /* purchaseDoneVC.swift */; };
		740383F32598592F0090FF7E /* Carousel.swift in Sources */ = {isa = PBXBuildFile; fileRef = 740383F22598592F0090FF7E /* Carousel.swift */; };
		740383F42598592F0090FF7E /* Carousel.swift in Sources */ = {isa = PBXBuildFile; fileRef = 740383F22598592F0090FF7E /* Carousel.swift */; };
		74306C1C256BE09000CEB143 /* AppDelegate.swift in Sources */ = {isa = PBXBuildFile; fileRef = 74306C1B256BE09000CEB143 /* AppDelegate.swift */; };
		74306C1E256BE09000CEB143 /* SceneDelegate.swift in Sources */ = {isa = PBXBuildFile; fileRef = 74306C1D256BE09000CEB143 /* SceneDelegate.swift */; };
		74306C20256BE09000CEB143 /* HomeVC.swift in Sources */ = {isa = PBXBuildFile; fileRef = 74306C1F256BE09000CEB143 /* HomeVC.swift */; };
		74306C23256BE09000CEB143 /* Main.storyboard in Resources */ = {isa = PBXBuildFile; fileRef = 74306C21256BE09000CEB143 /* Main.storyboard */; };
		74306C28256BE09100CEB143 /* LaunchScreen.storyboard in Resources */ = {isa = PBXBuildFile; fileRef = 74306C26256BE09100CEB143 /* LaunchScreen.storyboard */; };
		74306C37256BE0AB00CEB143 /* AppDelegate.swift in Sources */ = {isa = PBXBuildFile; fileRef = 74306C36256BE0AB00CEB143 /* AppDelegate.swift */; };
		74306C39256BE0AB00CEB143 /* SceneDelegate.swift in Sources */ = {isa = PBXBuildFile; fileRef = 74306C38256BE0AB00CEB143 /* SceneDelegate.swift */; };
		74306C3B256BE0AB00CEB143 /* AdminHomeVC.swift in Sources */ = {isa = PBXBuildFile; fileRef = 74306C3A256BE0AB00CEB143 /* AdminHomeVC.swift */; };
		74306C3E256BE0AB00CEB143 /* Main.storyboard in Resources */ = {isa = PBXBuildFile; fileRef = 74306C3C256BE0AB00CEB143 /* Main.storyboard */; };
		74306C43256BE0AC00CEB143 /* LaunchScreen.storyboard in Resources */ = {isa = PBXBuildFile; fileRef = 74306C41256BE0AC00CEB143 /* LaunchScreen.storyboard */; };
		74306C8B256BED3000CEB143 /* LoginStoryboard.storyboard in Resources */ = {isa = PBXBuildFile; fileRef = 74306C8A256BED3000CEB143 /* LoginStoryboard.storyboard */; };
		74505C6125703B83006750BD /* forgotPasswordVC.swift in Sources */ = {isa = PBXBuildFile; fileRef = 74505C5F25703B83006750BD /* forgotPasswordVC.swift */; };
		74505C6225703B83006750BD /* forgotPasswordVC.xib in Resources */ = {isa = PBXBuildFile; fileRef = 74505C6025703B83006750BD /* forgotPasswordVC.xib */; };
		74505C662570BD6D006750BD /* FirebaseAndUtils.swift in Sources */ = {isa = PBXBuildFile; fileRef = 74505C652570BD6D006750BD /* FirebaseAndUtils.swift */; };
		74505C692570BEF6006750BD /* FirebaseAndUtils.swift in Sources */ = {isa = PBXBuildFile; fileRef = 74505C652570BD6D006750BD /* FirebaseAndUtils.swift */; };
		74505C9B2570D2E0006750BD /* Category.swift in Sources */ = {isa = PBXBuildFile; fileRef = 74505C9A2570D2E0006750BD /* Category.swift */; };
		74505C9C2570D2E0006750BD /* Category.swift in Sources */ = {isa = PBXBuildFile; fileRef = 74505C9A2570D2E0006750BD /* Category.swift */; };
		74505CA32573067C006750BD /* CategoryCell.swift in Sources */ = {isa = PBXBuildFile; fileRef = 74505CA12573067C006750BD /* CategoryCell.swift */; };
		74505CA42573067C006750BD /* CategoryCell.swift in Sources */ = {isa = PBXBuildFile; fileRef = 74505CA12573067C006750BD /* CategoryCell.swift */; };
		74505CA52573067C006750BD /* CategoryCell.xib in Resources */ = {isa = PBXBuildFile; fileRef = 74505CA22573067C006750BD /* CategoryCell.xib */; };
		74505CA62573067C006750BD /* CategoryCell.xib in Resources */ = {isa = PBXBuildFile; fileRef = 74505CA22573067C006750BD /* CategoryCell.xib */; };
		74505CC72573C686006750BD /* ProductsVC.swift in Sources */ = {isa = PBXBuildFile; fileRef = 74505CC62573C686006750BD /* ProductsVC.swift */; };
		74505CCB2573C80C006750BD /* Product.swift in Sources */ = {isa = PBXBuildFile; fileRef = 74505CCA2573C80C006750BD /* Product.swift */; };
		74505CCC2573C80C006750BD /* Product.swift in Sources */ = {isa = PBXBuildFile; fileRef = 74505CCA2573C80C006750BD /* Product.swift */; };
		74505CEB257407D0006750BD /* ProductCell.swift in Sources */ = {isa = PBXBuildFile; fileRef = 74505CE9257407D0006750BD /* ProductCell.swift */; };
		74505CEC257407D0006750BD /* ProductCell.swift in Sources */ = {isa = PBXBuildFile; fileRef = 74505CE9257407D0006750BD /* ProductCell.swift */; };
		74505CED257407D0006750BD /* ProductCell.xib in Resources */ = {isa = PBXBuildFile; fileRef = 74505CEA257407D0006750BD /* ProductCell.xib */; };
		74505CEE257407D0006750BD /* ProductCell.xib in Resources */ = {isa = PBXBuildFile; fileRef = 74505CEA257407D0006750BD /* ProductCell.xib */; };
		74505D0F257C31CA006750BD /* ProductDetailVC.swift in Sources */ = {isa = PBXBuildFile; fileRef = 74505D0D257C31CA006750BD /* ProductDetailVC.swift */; };
		74505D10257C31CB006750BD /* ProductDetailVC.xib in Resources */ = {isa = PBXBuildFile; fileRef = 74505D0E257C31CA006750BD /* ProductDetailVC.xib */; };
		74505D15257D1E8F006750BD /* HomeVC.swift in Sources */ = {isa = PBXBuildFile; fileRef = 74306C1F256BE09000CEB143 /* HomeVC.swift */; };
		74505D18257D20E0006750BD /* Constants.swift in Sources */ = {isa = PBXBuildFile; fileRef = 74672DC8256CD39A00B6AE7D /* Constants.swift */; };
		74505D35257D213F006750BD /* RoundedViews.swift in Sources */ = {isa = PBXBuildFile; fileRef = 74672DCD256CE9F500B6AE7D /* RoundedViews.swift */; };
		74505D38257D2148006750BD /* Extentions.swift in Sources */ = {isa = PBXBuildFile; fileRef = 74672DAA256C5F7200B6AE7D /* Extentions.swift */; };
		74505D55257D2226006750BD /* ProductsVC.swift in Sources */ = {isa = PBXBuildFile; fileRef = 74505CC62573C686006750BD /* ProductsVC.swift */; };
		74505D76257DF47D006750BD /* AddEditCaregoryVC.swift in Sources */ = {isa = PBXBuildFile; fileRef = 74505D75257DF47D006750BD /* AddEditCaregoryVC.swift */; };
		74505D7D257E98B6006750BD /* AdminProductsVC.swift in Sources */ = {isa = PBXBuildFile; fileRef = 74505D7C257E98B6006750BD /* AdminProductsVC.swift */; };
		74505D81257EA69E006750BD /* AddEditProductVC.swift in Sources */ = {isa = PBXBuildFile; fileRef = 74505D80257EA69E006750BD /* AddEditProductVC.swift */; };
		74505D852580A40F006750BD /* User.swift in Sources */ = {isa = PBXBuildFile; fileRef = 74505D842580A40F006750BD /* User.swift */; };
		74505D8A258128F7006750BD /* UserService.swift in Sources */ = {isa = PBXBuildFile; fileRef = 74505D89258128F7006750BD /* UserService.swift */; };
		74505D8E2581EB49006750BD /* CheckoutVC.swift in Sources */ = {isa = PBXBuildFile; fileRef = 74505D8D2581EB49006750BD /* CheckoutVC.swift */; };
		74505D9325828DB9006750BD /* CartItemCell.swift in Sources */ = {isa = PBXBuildFile; fileRef = 74505D9125828DB9006750BD /* CartItemCell.swift */; };
		74505D9425828DB9006750BD /* CartItemCell.xib in Resources */ = {isa = PBXBuildFile; fileRef = 74505D9225828DB9006750BD /* CartItemCell.xib */; };
		74505D9825879F66006750BD /* Cart.swift in Sources */ = {isa = PBXBuildFile; fileRef = 74505D9725879F65006750BD /* Cart.swift */; };
		74505DBF2589160A006750BD /* UserService.swift in Sources */ = {isa = PBXBuildFile; fileRef = 74505D89258128F7006750BD /* UserService.swift */; };
		74505DC225891628006750BD /* User.swift in Sources */ = {isa = PBXBuildFile; fileRef = 74505D842580A40F006750BD /* User.swift */; };
		74505DC52589162E006750BD /* Cart.swift in Sources */ = {isa = PBXBuildFile; fileRef = 74505D9725879F65006750BD /* Cart.swift */; };
		74505DCC258A29DA006750BD /* ProductDetailVC.swift in Sources */ = {isa = PBXBuildFile; fileRef = 74505D0D257C31CA006750BD /* ProductDetailVC.swift */; };
		74672D06256C244B00B6AE7D /* GoogleService-Info.plist in Resources */ = {isa = PBXBuildFile; fileRef = 74672D05256C244B00B6AE7D /* GoogleService-Info.plist */; };
		74672D0A256C256E00B6AE7D /* GoogleService-Info.plist in Resources */ = {isa = PBXBuildFile; fileRef = 74672D09256C256E00B6AE7D /* GoogleService-Info.plist */; };
		74672D82256C390400B6AE7D /* LoginVC.swift in Sources */ = {isa = PBXBuildFile; fileRef = 74672D81256C390400B6AE7D /* LoginVC.swift */; };
		74672D86256C391900B6AE7D /* RegisterVC.swift in Sources */ = {isa = PBXBuildFile; fileRef = 74672D85256C391900B6AE7D /* RegisterVC.swift */; };
		74672DAB256C5F7200B6AE7D /* Extentions.swift in Sources */ = {isa = PBXBuildFile; fileRef = 74672DAA256C5F7200B6AE7D /* Extentions.swift */; };
		74672DC9256CD39A00B6AE7D /* Constants.swift in Sources */ = {isa = PBXBuildFile; fileRef = 74672DC8256CD39A00B6AE7D /* Constants.swift */; };
		74672DCE256CE9F500B6AE7D /* RoundedViews.swift in Sources */ = {isa = PBXBuildFile; fileRef = 74672DCD256CE9F500B6AE7D /* RoundedViews.swift */; };
/* End PBXBuildFile section */

/* Begin PBXFileReference section */
		2A018D6B69797A09044813B8 /* Pods-ecommerce-app.debug.xcconfig */ = {isa = PBXFileReference; includeInIndex = 1; lastKnownFileType = text.xcconfig; name = "Pods-ecommerce-app.debug.xcconfig"; path = "Target Support Files/Pods-ecommerce-app/Pods-ecommerce-app.debug.xcconfig"; sourceTree = "<group>"; };
		3E9ED55538264047EE7840F8 /* Pods_ecommerce_app.framework */ = {isa = PBXFileReference; explicitFileType = wrapper.framework; includeInIndex = 0; path = Pods_ecommerce_app.framework; sourceTree = BUILT_PRODUCTS_DIR; };
		740383202594F75A0090FF7E /* Purchase.swift */ = {isa = PBXFileReference; lastKnownFileType = sourcecode.swift; path = Purchase.swift; sourceTree = "<group>"; };
		74038324259509990090FF7E /* purchaseDoneVC.swift */ = {isa = PBXFileReference; lastKnownFileType = sourcecode.swift; path = purchaseDoneVC.swift; sourceTree = "<group>"; };
		74038325259509990090FF7E /* purchaseDoneVC.xib */ = {isa = PBXFileReference; lastKnownFileType = file.xib; path = purchaseDoneVC.xib; sourceTree = "<group>"; };
		740383792597E3DB0090FF7E /* ecommerce-app-Bridging-Header.h */ = {isa = PBXFileReference; lastKnownFileType = sourcecode.c.h; path = "ecommerce-app-Bridging-Header.h"; sourceTree = "<group>"; };
		7403837A2597E3DB0090FF7E /* ecommerce-admin-Bridging-Header.h */ = {isa = PBXFileReference; lastKnownFileType = sourcecode.c.h; path = "ecommerce-admin-Bridging-Header.h"; sourceTree = "<group>"; };
		7403837B2597E3DC0090FF7E /* iCarousel.m */ = {isa = PBXFileReference; fileEncoding = 4; lastKnownFileType = sourcecode.c.objc; path = iCarousel.m; sourceTree = "<group>"; };
		7403837C2597E3DC0090FF7E /* iCarousel.h */ = {isa = PBXFileReference; fileEncoding = 4; lastKnownFileType = sourcecode.c.h; path = iCarousel.h; sourceTree = "<group>"; };
		740383F22598592F0090FF7E /* Carousel.swift */ = {isa = PBXFileReference; lastKnownFileType = sourcecode.swift; path = Carousel.swift; sourceTree = "<group>"; };
		74306C18256BE09000CEB143 /* ecommerce-app.app */ = {isa = PBXFileReference; explicitFileType = wrapper.application; includeInIndex = 0; path = "ecommerce-app.app"; sourceTree = BUILT_PRODUCTS_DIR; };
		74306C1B256BE09000CEB143 /* AppDelegate.swift */ = {isa = PBXFileReference; lastKnownFileType = sourcecode.swift; path = AppDelegate.swift; sourceTree = "<group>"; };
		74306C1D256BE09000CEB143 /* SceneDelegate.swift */ = {isa = PBXFileReference; lastKnownFileType = sourcecode.swift; path = SceneDelegate.swift; sourceTree = "<group>"; };
		74306C1F256BE09000CEB143 /* HomeVC.swift */ = {isa = PBXFileReference; lastKnownFileType = sourcecode.swift; path = HomeVC.swift; sourceTree = "<group>"; };
		74306C22256BE09000CEB143 /* Base */ = {isa = PBXFileReference; lastKnownFileType = file.storyboard; name = Base; path = Base.lproj/Main.storyboard; sourceTree = "<group>"; };
		74306C24256BE09100CEB143 /* Assets.xcassets */ = {isa = PBXFileReference; lastKnownFileType = folder.assetcatalog; path = Assets.xcassets; sourceTree = "<group>"; };
		74306C27256BE09100CEB143 /* Base */ = {isa = PBXFileReference; lastKnownFileType = file.storyboard; name = Base; path = Base.lproj/LaunchScreen.storyboard; sourceTree = "<group>"; };
		74306C29256BE09100CEB143 /* Info.plist */ = {isa = PBXFileReference; lastKnownFileType = text.plist.xml; path = Info.plist; sourceTree = "<group>"; };
		74306C34256BE0AB00CEB143 /* ecommerce-admin.app */ = {isa = PBXFileReference; explicitFileType = wrapper.application; includeInIndex = 0; path = "ecommerce-admin.app"; sourceTree = BUILT_PRODUCTS_DIR; };
		74306C36256BE0AB00CEB143 /* AppDelegate.swift */ = {isa = PBXFileReference; lastKnownFileType = sourcecode.swift; path = AppDelegate.swift; sourceTree = "<group>"; };
		74306C38256BE0AB00CEB143 /* SceneDelegate.swift */ = {isa = PBXFileReference; lastKnownFileType = sourcecode.swift; path = SceneDelegate.swift; sourceTree = "<group>"; };
		74306C3A256BE0AB00CEB143 /* AdminHomeVC.swift */ = {isa = PBXFileReference; lastKnownFileType = sourcecode.swift; path = AdminHomeVC.swift; sourceTree = "<group>"; };
		74306C3D256BE0AB00CEB143 /* Base */ = {isa = PBXFileReference; lastKnownFileType = file.storyboard; name = Base; path = Base.lproj/Main.storyboard; sourceTree = "<group>"; };
		74306C42256BE0AC00CEB143 /* Base */ = {isa = PBXFileReference; lastKnownFileType = file.storyboard; name = Base; path = Base.lproj/LaunchScreen.storyboard; sourceTree = "<group>"; };
		74306C44256BE0AC00CEB143 /* Info.plist */ = {isa = PBXFileReference; lastKnownFileType = text.plist.xml; path = Info.plist; sourceTree = "<group>"; };
		74306C8A256BED3000CEB143 /* LoginStoryboard.storyboard */ = {isa = PBXFileReference; lastKnownFileType = file.storyboard; path = LoginStoryboard.storyboard; sourceTree = "<group>"; };
		74505C5F25703B83006750BD /* forgotPasswordVC.swift */ = {isa = PBXFileReference; lastKnownFileType = sourcecode.swift; path = forgotPasswordVC.swift; sourceTree = "<group>"; };
		74505C6025703B83006750BD /* forgotPasswordVC.xib */ = {isa = PBXFileReference; lastKnownFileType = file.xib; path = forgotPasswordVC.xib; sourceTree = "<group>"; };
		74505C652570BD6D006750BD /* FirebaseAndUtils.swift */ = {isa = PBXFileReference; lastKnownFileType = sourcecode.swift; path = FirebaseAndUtils.swift; sourceTree = "<group>"; };
		74505C9A2570D2E0006750BD /* Category.swift */ = {isa = PBXFileReference; lastKnownFileType = sourcecode.swift; path = Category.swift; sourceTree = "<group>"; };
		74505CA12573067C006750BD /* CategoryCell.swift */ = {isa = PBXFileReference; lastKnownFileType = sourcecode.swift; path = CategoryCell.swift; sourceTree = "<group>"; };
		74505CA22573067C006750BD /* CategoryCell.xib */ = {isa = PBXFileReference; lastKnownFileType = file.xib; path = CategoryCell.xib; sourceTree = "<group>"; };
		74505CC62573C686006750BD /* ProductsVC.swift */ = {isa = PBXFileReference; lastKnownFileType = sourcecode.swift; path = ProductsVC.swift; sourceTree = "<group>"; };
		74505CCA2573C80C006750BD /* Product.swift */ = {isa = PBXFileReference; lastKnownFileType = sourcecode.swift; path = Product.swift; sourceTree = "<group>"; };
		74505CE9257407D0006750BD /* ProductCell.swift */ = {isa = PBXFileReference; lastKnownFileType = sourcecode.swift; path = ProductCell.swift; sourceTree = "<group>"; };
		74505CEA257407D0006750BD /* ProductCell.xib */ = {isa = PBXFileReference; lastKnownFileType = file.xib; path = ProductCell.xib; sourceTree = "<group>"; };
		74505D0D257C31CA006750BD /* ProductDetailVC.swift */ = {isa = PBXFileReference; lastKnownFileType = sourcecode.swift; path = ProductDetailVC.swift; sourceTree = "<group>"; };
		74505D0E257C31CA006750BD /* ProductDetailVC.xib */ = {isa = PBXFileReference; lastKnownFileType = file.xib; path = ProductDetailVC.xib; sourceTree = "<group>"; };
		74505D75257DF47D006750BD /* AddEditCaregoryVC.swift */ = {isa = PBXFileReference; lastKnownFileType = sourcecode.swift; path = AddEditCaregoryVC.swift; sourceTree = "<group>"; };
		74505D7C257E98B6006750BD /* AdminProductsVC.swift */ = {isa = PBXFileReference; lastKnownFileType = sourcecode.swift; path = AdminProductsVC.swift; sourceTree = "<group>"; };
		74505D80257EA69E006750BD /* AddEditProductVC.swift */ = {isa = PBXFileReference; lastKnownFileType = sourcecode.swift; path = AddEditProductVC.swift; sourceTree = "<group>"; };
		74505D842580A40F006750BD /* User.swift */ = {isa = PBXFileReference; lastKnownFileType = sourcecode.swift; path = User.swift; sourceTree = "<group>"; };
		74505D89258128F7006750BD /* UserService.swift */ = {isa = PBXFileReference; lastKnownFileType = sourcecode.swift; path = UserService.swift; sourceTree = "<group>"; };
		74505D8D2581EB49006750BD /* CheckoutVC.swift */ = {isa = PBXFileReference; lastKnownFileType = sourcecode.swift; path = CheckoutVC.swift; sourceTree = "<group>"; };
		74505D9125828DB9006750BD /* CartItemCell.swift */ = {isa = PBXFileReference; lastKnownFileType = sourcecode.swift; path = CartItemCell.swift; sourceTree = "<group>"; };
		74505D9225828DB9006750BD /* CartItemCell.xib */ = {isa = PBXFileReference; lastKnownFileType = file.xib; path = CartItemCell.xib; sourceTree = "<group>"; };
		74505D9725879F65006750BD /* Cart.swift */ = {isa = PBXFileReference; lastKnownFileType = sourcecode.swift; path = Cart.swift; sourceTree = "<group>"; };
		74672D05256C244B00B6AE7D /* GoogleService-Info.plist */ = {isa = PBXFileReference; fileEncoding = 4; lastKnownFileType = text.plist.xml; path = "GoogleService-Info.plist"; sourceTree = "<group>"; };
		74672D09256C256E00B6AE7D /* GoogleService-Info.plist */ = {isa = PBXFileReference; fileEncoding = 4; lastKnownFileType = text.plist.xml; path = "GoogleService-Info.plist"; sourceTree = "<group>"; };
		74672D81256C390400B6AE7D /* LoginVC.swift */ = {isa = PBXFileReference; lastKnownFileType = sourcecode.swift; path = LoginVC.swift; sourceTree = "<group>"; };
		74672D85256C391900B6AE7D /* RegisterVC.swift */ = {isa = PBXFileReference; lastKnownFileType = sourcecode.swift; path = RegisterVC.swift; sourceTree = "<group>"; };
		74672DAA256C5F7200B6AE7D /* Extentions.swift */ = {isa = PBXFileReference; lastKnownFileType = sourcecode.swift; path = Extentions.swift; sourceTree = "<group>"; };
		74672DC8256CD39A00B6AE7D /* Constants.swift */ = {isa = PBXFileReference; lastKnownFileType = sourcecode.swift; path = Constants.swift; sourceTree = "<group>"; };
		74672DCD256CE9F500B6AE7D /* RoundedViews.swift */ = {isa = PBXFileReference; lastKnownFileType = sourcecode.swift; path = RoundedViews.swift; sourceTree = "<group>"; };
		749C381E10CE267D285F1160 /* Pods-ecommerce-app.release.xcconfig */ = {isa = PBXFileReference; includeInIndex = 1; lastKnownFileType = text.xcconfig; name = "Pods-ecommerce-app.release.xcconfig"; path = "Target Support Files/Pods-ecommerce-app/Pods-ecommerce-app.release.xcconfig"; sourceTree = "<group>"; };
		7A709E2E49C09329F85D7AA2 /* Pods-ecommerce-admin.release.xcconfig */ = {isa = PBXFileReference; includeInIndex = 1; lastKnownFileType = text.xcconfig; name = "Pods-ecommerce-admin.release.xcconfig"; path = "Target Support Files/Pods-ecommerce-admin/Pods-ecommerce-admin.release.xcconfig"; sourceTree = "<group>"; };
		D07E7321DA44FDC43DB019CF /* Pods_ecommerce_admin.framework */ = {isa = PBXFileReference; explicitFileType = wrapper.framework; includeInIndex = 0; path = Pods_ecommerce_admin.framework; sourceTree = BUILT_PRODUCTS_DIR; };
		E7FC535A15EF6CC5D71AA5F9 /* Pods-ecommerce-admin.debug.xcconfig */ = {isa = PBXFileReference; includeInIndex = 1; lastKnownFileType = text.xcconfig; name = "Pods-ecommerce-admin.debug.xcconfig"; path = "Target Support Files/Pods-ecommerce-admin/Pods-ecommerce-admin.debug.xcconfig"; sourceTree = "<group>"; };
/* End PBXFileReference section */

/* Begin PBXFrameworksBuildPhase section */
		74306C15256BE09000CEB143 /* Frameworks */ = {
			isa = PBXFrameworksBuildPhase;
			buildActionMask = 2147483647;
			files = (
				16D6350C3BA3786F69F48956 /* Pods_ecommerce_app.framework in Frameworks */,
			);
			runOnlyForDeploymentPostprocessing = 0;
		};
		74306C31256BE0AB00CEB143 /* Frameworks */ = {
			isa = PBXFrameworksBuildPhase;
			buildActionMask = 2147483647;
			files = (
				0B782AC60B885CEF9F31F2F1 /* Pods_ecommerce_admin.framework in Frameworks */,
			);
			runOnlyForDeploymentPostprocessing = 0;
		};
/* End PBXFrameworksBuildPhase section */

/* Begin PBXGroup section */
		7403831F2594F6EC0090FF7E /* Model */ = {
			isa = PBXGroup;
			children = (
				740383202594F75A0090FF7E /* Purchase.swift */,
				740383F22598592F0090FF7E /* Carousel.swift */,
			);
			path = Model;
			sourceTree = "<group>";
		};
		74038350259605320090FF7E /* Storyboards */ = {
			isa = PBXGroup;
			children = (
				74306C3C256BE0AB00CEB143 /* Main.storyboard */,
				74306C41256BE0AC00CEB143 /* LaunchScreen.storyboard */,
			);
			path = Storyboards;
			sourceTree = "<group>";
		};
		740383EA2598540F0090FF7E /* library */ = {
			isa = PBXGroup;
			children = (
				7403837C2597E3DC0090FF7E /* iCarousel.h */,
				7403837B2597E3DC0090FF7E /* iCarousel.m */,
			);
			path = library;
			sourceTree = "<group>";
		};
		74306C0F256BE09000CEB143 = {
			isa = PBXGroup;
			children = (
				74306C35256BE0AB00CEB143 /* ecommerce-admin */,
				74306C1A256BE09000CEB143 /* ecommerce-app */,
				74306C4A256BE0DB00CEB143 /* Shared */,
				74306C19256BE09000CEB143 /* Products */,
				CE498B73592D300C7E01E96E /* Pods */,
				A8964FF37BB5CF022DE7FDF7 /* Frameworks */,
				740383EA2598540F0090FF7E /* library */,
				740383792597E3DB0090FF7E /* ecommerce-app-Bridging-Header.h */,
				7403837A2597E3DB0090FF7E /* ecommerce-admin-Bridging-Header.h */,
			);
			sourceTree = "<group>";
		};
		74306C19256BE09000CEB143 /* Products */ = {
			isa = PBXGroup;
			children = (
				74306C18256BE09000CEB143 /* ecommerce-app.app */,
				74306C34256BE0AB00CEB143 /* ecommerce-admin.app */,
			);
			name = Products;
			sourceTree = "<group>";
		};
		74306C1A256BE09000CEB143 /* ecommerce-app */ = {
			isa = PBXGroup;
			children = (
				7403831F2594F6EC0090FF7E /* Model */,
				74505D88258128DB006750BD /* Services */,
				74505C5E25703B27006750BD /* XIBs */,
				74672D7E256C384500B6AE7D /* View */,
				74672D7D256C383800B6AE7D /* Controller */,
				74672D80256C387B00B6AE7D /* Storyboards */,
				74306C1D256BE09000CEB143 /* SceneDelegate.swift */,
				74672D05256C244B00B6AE7D /* GoogleService-Info.plist */,
				74306C29256BE09100CEB143 /* Info.plist */,
			);
			path = "ecommerce-app";
			sourceTree = "<group>";
		};
		74306C35256BE0AB00CEB143 /* ecommerce-admin */ = {
			isa = PBXGroup;
			children = (
				74505D79257DF494006750BD /* Controller */,
				74038350259605320090FF7E /* Storyboards */,
				74306C38256BE0AB00CEB143 /* SceneDelegate.swift */,
				74672D09256C256E00B6AE7D /* GoogleService-Info.plist */,
				74306C44256BE0AC00CEB143 /* Info.plist */,
			);
			path = "ecommerce-admin";
			sourceTree = "<group>";
		};
		74306C4A256BE0DB00CEB143 /* Shared */ = {
			isa = PBXGroup;
			children = (
				74505CA9257306CD006750BD /* XIBs */,
				74672D7F256C384E00B6AE7D /* Model */,
				74672DCC256CE9C100B6AE7D /* View */,
				74672DA9256C5F3E00B6AE7D /* Utils */,
				74306C24256BE09100CEB143 /* Assets.xcassets */,
			);
			path = Shared;
			sourceTree = "<group>";
		};
		74505C5E25703B27006750BD /* XIBs */ = {
			isa = PBXGroup;
			children = (
				74505C6025703B83006750BD /* forgotPasswordVC.xib */,
				74038325259509990090FF7E /* purchaseDoneVC.xib */,
				74505D0E257C31CA006750BD /* ProductDetailVC.xib */,
				74505D9225828DB9006750BD /* CartItemCell.xib */,
			);
			path = XIBs;
			sourceTree = "<group>";
		};
		74505CA9257306CD006750BD /* XIBs */ = {
			isa = PBXGroup;
			children = (
				74505CA22573067C006750BD /* CategoryCell.xib */,
				74505CEA257407D0006750BD /* ProductCell.xib */,
			);
			path = XIBs;
			sourceTree = "<group>";
		};
		74505D79257DF494006750BD /* Controller */ = {
			isa = PBXGroup;
			children = (
				74306C36256BE0AB00CEB143 /* AppDelegate.swift */,
				74505D7C257E98B6006750BD /* AdminProductsVC.swift */,
				74306C3A256BE0AB00CEB143 /* AdminHomeVC.swift */,
				74505D75257DF47D006750BD /* AddEditCaregoryVC.swift */,
				74505D80257EA69E006750BD /* AddEditProductVC.swift */,
			);
			path = Controller;
			sourceTree = "<group>";
		};
		74505D88258128DB006750BD /* Services */ = {
			isa = PBXGroup;
			children = (
				74505D89258128F7006750BD /* UserService.swift */,
				74505D9725879F65006750BD /* Cart.swift */,
			);
			path = Services;
			sourceTree = "<group>";
		};
		74672D7D256C383800B6AE7D /* Controller */ = {
			isa = PBXGroup;
			children = (
				74306C1B256BE09000CEB143 /* AppDelegate.swift */,
				74306C1F256BE09000CEB143 /* HomeVC.swift */,
				74505CC62573C686006750BD /* ProductsVC.swift */,
				74505D8D2581EB49006750BD /* CheckoutVC.swift */,
				74672D81256C390400B6AE7D /* LoginVC.swift */,
				74672D85256C391900B6AE7D /* RegisterVC.swift */,
			);
			path = Controller;
			sourceTree = "<group>";
		};
		74672D7E256C384500B6AE7D /* View */ = {
			isa = PBXGroup;
			children = (
				74505C5F25703B83006750BD /* forgotPasswordVC.swift */,
				74038324259509990090FF7E /* purchaseDoneVC.swift */,
				74505D0D257C31CA006750BD /* ProductDetailVC.swift */,
				74505D9125828DB9006750BD /* CartItemCell.swift */,
			);
			path = View;
			sourceTree = "<group>";
		};
		74672D7F256C384E00B6AE7D /* Model */ = {
			isa = PBXGroup;
			children = (
				74505C9A2570D2E0006750BD /* Category.swift */,
				74505CCA2573C80C006750BD /* Product.swift */,
				74505D842580A40F006750BD /* User.swift */,
			);
			path = Model;
			sourceTree = "<group>";
		};
		74672D80256C387B00B6AE7D /* Storyboards */ = {
			isa = PBXGroup;
			children = (
				74306C21256BE09000CEB143 /* Main.storyboard */,
				74306C8A256BED3000CEB143 /* LoginStoryboard.storyboard */,
				74306C26256BE09100CEB143 /* LaunchScreen.storyboard */,
			);
			path = Storyboards;
			sourceTree = "<group>";
		};
		74672DA9256C5F3E00B6AE7D /* Utils */ = {
			isa = PBXGroup;
			children = (
				74672DAA256C5F7200B6AE7D /* Extentions.swift */,
				74672DC8256CD39A00B6AE7D /* Constants.swift */,
				74505C652570BD6D006750BD /* FirebaseAndUtils.swift */,
			);
			path = Utils;
			sourceTree = "<group>";
		};
		74672DCC256CE9C100B6AE7D /* View */ = {
			isa = PBXGroup;
			children = (
				74672DCD256CE9F500B6AE7D /* RoundedViews.swift */,
				74505CA12573067C006750BD /* CategoryCell.swift */,
				74505CE9257407D0006750BD /* ProductCell.swift */,
			);
			path = View;
			sourceTree = "<group>";
		};
		A8964FF37BB5CF022DE7FDF7 /* Frameworks */ = {
			isa = PBXGroup;
			children = (
				D07E7321DA44FDC43DB019CF /* Pods_ecommerce_admin.framework */,
				3E9ED55538264047EE7840F8 /* Pods_ecommerce_app.framework */,
			);
			name = Frameworks;
			sourceTree = "<group>";
		};
		CE498B73592D300C7E01E96E /* Pods */ = {
			isa = PBXGroup;
			children = (
				E7FC535A15EF6CC5D71AA5F9 /* Pods-ecommerce-admin.debug.xcconfig */,
				7A709E2E49C09329F85D7AA2 /* Pods-ecommerce-admin.release.xcconfig */,
				2A018D6B69797A09044813B8 /* Pods-ecommerce-app.debug.xcconfig */,
				749C381E10CE267D285F1160 /* Pods-ecommerce-app.release.xcconfig */,
			);
			path = Pods;
			sourceTree = "<group>";
		};
/* End PBXGroup section */

/* Begin PBXNativeTarget section */
		74306C17256BE09000CEB143 /* ecommerce-app */ = {
			isa = PBXNativeTarget;
			buildConfigurationList = 74306C2C256BE09100CEB143 /* Build configuration list for PBXNativeTarget "ecommerce-app" */;
			buildPhases = (
				B0DB86852C10E5F27911BC5C /* [CP] Check Pods Manifest.lock */,
				74306C14256BE09000CEB143 /* Sources */,
				74306C15256BE09000CEB143 /* Frameworks */,
				74306C16256BE09000CEB143 /* Resources */,
				713317465DE38C1F94FA4702 /* [CP] Embed Pods Frameworks */,
			);
			buildRules = (
			);
			dependencies = (
			);
			name = "ecommerce-app";
			productName = "ecommerce-app";
			productReference = 74306C18256BE09000CEB143 /* ecommerce-app.app */;
			productType = "com.apple.product-type.application";
		};
		74306C33256BE0AB00CEB143 /* ecommerce-admin */ = {
			isa = PBXNativeTarget;
			buildConfigurationList = 74306C45256BE0AC00CEB143 /* Build configuration list for PBXNativeTarget "ecommerce-admin" */;
			buildPhases = (
				BA47AC2E92044F83869F70CC /* [CP] Check Pods Manifest.lock */,
				74306C30256BE0AB00CEB143 /* Sources */,
				74306C31256BE0AB00CEB143 /* Frameworks */,
				74306C32256BE0AB00CEB143 /* Resources */,
				D688529EB4A443E8A0A261B5 /* [CP] Embed Pods Frameworks */,
			);
			buildRules = (
			);
			dependencies = (
			);
			name = "ecommerce-admin";
			productName = "ecommerce-admin";
			productReference = 74306C34256BE0AB00CEB143 /* ecommerce-admin.app */;
			productType = "com.apple.product-type.application";
		};
/* End PBXNativeTarget section */

/* Begin PBXProject section */
		74306C10256BE09000CEB143 /* Project object */ = {
			isa = PBXProject;
			attributes = {
				LastSwiftUpdateCheck = 1220;
				LastUpgradeCheck = 1220;
				TargetAttributes = {
					74306C17256BE09000CEB143 = {
						CreatedOnToolsVersion = 12.2;
						LastSwiftMigration = 1220;
					};
					74306C33256BE0AB00CEB143 = {
						CreatedOnToolsVersion = 12.2;
						LastSwiftMigration = 1220;
					};
				};
			};
			buildConfigurationList = 74306C13256BE09000CEB143 /* Build configuration list for PBXProject "ecommerce-app" */;
			compatibilityVersion = "Xcode 9.3";
			developmentRegion = en;
			hasScannedForEncodings = 0;
			knownRegions = (
				en,
				Base,
			);
			mainGroup = 74306C0F256BE09000CEB143;
			productRefGroup = 74306C19256BE09000CEB143 /* Products */;
			projectDirPath = "";
			projectRoot = "";
			targets = (
				74306C17256BE09000CEB143 /* ecommerce-app */,
				74306C33256BE0AB00CEB143 /* ecommerce-admin */,
			);
		};
/* End PBXProject section */

/* Begin PBXResourcesBuildPhase section */
		74306C16256BE09000CEB143 /* Resources */ = {
			isa = PBXResourcesBuildPhase;
			buildActionMask = 2147483647;
			files = (
				74306C28256BE09100CEB143 /* LaunchScreen.storyboard in Resources */,
				74505CED257407D0006750BD /* ProductCell.xib in Resources */,
				740383402595CB3D0090FF7E /* Assets.xcassets in Resources */,
				74505CA52573067C006750BD /* CategoryCell.xib in Resources */,
				74672D06256C244B00B6AE7D /* GoogleService-Info.plist in Resources */,
				74306C23256BE09000CEB143 /* Main.storyboard in Resources */,
				74505D10257C31CB006750BD /* ProductDetailVC.xib in Resources */,
				740383272595099A0090FF7E /* purchaseDoneVC.xib in Resources */,
				74505C6225703B83006750BD /* forgotPasswordVC.xib in Resources */,
				74505D9425828DB9006750BD /* CartItemCell.xib in Resources */,
				74306C8B256BED3000CEB143 /* LoginStoryboard.storyboard in Resources */,
			);
			runOnlyForDeploymentPostprocessing = 0;
		};
		74306C32256BE0AB00CEB143 /* Resources */ = {
			isa = PBXResourcesBuildPhase;
			buildActionMask = 2147483647;
			files = (
				74505CA62573067C006750BD /* CategoryCell.xib in Resources */,
				74306C43256BE0AC00CEB143 /* LaunchScreen.storyboard in Resources */,
				74505CEE257407D0006750BD /* ProductCell.xib in Resources */,
				74306C3E256BE0AB00CEB143 /* Main.storyboard in Resources */,
				740383472595CC120090FF7E /* Assets.xcassets in Resources */,
				74672D0A256C256E00B6AE7D /* GoogleService-Info.plist in Resources */,
			);
			runOnlyForDeploymentPostprocessing = 0;
		};
/* End PBXResourcesBuildPhase section */

/* Begin PBXShellScriptBuildPhase section */
		713317465DE38C1F94FA4702 /* [CP] Embed Pods Frameworks */ = {
			isa = PBXShellScriptBuildPhase;
			buildActionMask = 2147483647;
			files = (
			);
			inputFileListPaths = (
				"${PODS_ROOT}/Target Support Files/Pods-ecommerce-app/Pods-ecommerce-app-frameworks-${CONFIGURATION}-input-files.xcfilelist",
			);
			name = "[CP] Embed Pods Frameworks";
			outputFileListPaths = (
				"${PODS_ROOT}/Target Support Files/Pods-ecommerce-app/Pods-ecommerce-app-frameworks-${CONFIGURATION}-output-files.xcfilelist",
			);
			runOnlyForDeploymentPostprocessing = 0;
			shellPath = /bin/sh;
			shellScript = "\"${PODS_ROOT}/Target Support Files/Pods-ecommerce-app/Pods-ecommerce-app-frameworks.sh\"\n";
			showEnvVarsInLog = 0;
		};
		B0DB86852C10E5F27911BC5C /* [CP] Check Pods Manifest.lock */ = {
			isa = PBXShellScriptBuildPhase;
			buildActionMask = 2147483647;
			files = (
			);
			inputFileListPaths = (
			);
			inputPaths = (
				"${PODS_PODFILE_DIR_PATH}/Podfile.lock",
				"${PODS_ROOT}/Manifest.lock",
			);
			name = "[CP] Check Pods Manifest.lock";
			outputFileListPaths = (
			);
			outputPaths = (
				"$(DERIVED_FILE_DIR)/Pods-ecommerce-app-checkManifestLockResult.txt",
			);
			runOnlyForDeploymentPostprocessing = 0;
			shellPath = /bin/sh;
			shellScript = "diff \"${PODS_PODFILE_DIR_PATH}/Podfile.lock\" \"${PODS_ROOT}/Manifest.lock\" > /dev/null\nif [ $? != 0 ] ; then\n    # print error to STDERR\n    echo \"error: The sandbox is not in sync with the Podfile.lock. Run 'pod install' or update your CocoaPods installation.\" >&2\n    exit 1\nfi\n# This output is used by Xcode 'outputs' to avoid re-running this script phase.\necho \"SUCCESS\" > \"${SCRIPT_OUTPUT_FILE_0}\"\n";
			showEnvVarsInLog = 0;
		};
		BA47AC2E92044F83869F70CC /* [CP] Check Pods Manifest.lock */ = {
			isa = PBXShellScriptBuildPhase;
			buildActionMask = 2147483647;
			files = (
			);
			inputFileListPaths = (
			);
			inputPaths = (
				"${PODS_PODFILE_DIR_PATH}/Podfile.lock",
				"${PODS_ROOT}/Manifest.lock",
			);
			name = "[CP] Check Pods Manifest.lock";
			outputFileListPaths = (
			);
			outputPaths = (
				"$(DERIVED_FILE_DIR)/Pods-ecommerce-admin-checkManifestLockResult.txt",
			);
			runOnlyForDeploymentPostprocessing = 0;
			shellPath = /bin/sh;
			shellScript = "diff \"${PODS_PODFILE_DIR_PATH}/Podfile.lock\" \"${PODS_ROOT}/Manifest.lock\" > /dev/null\nif [ $? != 0 ] ; then\n    # print error to STDERR\n    echo \"error: The sandbox is not in sync with the Podfile.lock. Run 'pod install' or update your CocoaPods installation.\" >&2\n    exit 1\nfi\n# This output is used by Xcode 'outputs' to avoid re-running this script phase.\necho \"SUCCESS\" > \"${SCRIPT_OUTPUT_FILE_0}\"\n";
			showEnvVarsInLog = 0;
		};
		D688529EB4A443E8A0A261B5 /* [CP] Embed Pods Frameworks */ = {
			isa = PBXShellScriptBuildPhase;
			buildActionMask = 2147483647;
			files = (
			);
			inputFileListPaths = (
				"${PODS_ROOT}/Target Support Files/Pods-ecommerce-admin/Pods-ecommerce-admin-frameworks-${CONFIGURATION}-input-files.xcfilelist",
			);
			name = "[CP] Embed Pods Frameworks";
			outputFileListPaths = (
				"${PODS_ROOT}/Target Support Files/Pods-ecommerce-admin/Pods-ecommerce-admin-frameworks-${CONFIGURATION}-output-files.xcfilelist",
			);
			runOnlyForDeploymentPostprocessing = 0;
			shellPath = /bin/sh;
			shellScript = "\"${PODS_ROOT}/Target Support Files/Pods-ecommerce-admin/Pods-ecommerce-admin-frameworks.sh\"\n";
			showEnvVarsInLog = 0;
		};
/* End PBXShellScriptBuildPhase section */

/* Begin PBXSourcesBuildPhase section */
		74306C14256BE09000CEB143 /* Sources */ = {
			isa = PBXSourcesBuildPhase;
			buildActionMask = 2147483647;
			files = (
				740383212594F75A0090FF7E /* Purchase.swift in Sources */,
				74505D8E2581EB49006750BD /* CheckoutVC.swift in Sources */,
				74505C6125703B83006750BD /* forgotPasswordVC.swift in Sources */,
				74505D9325828DB9006750BD /* CartItemCell.swift in Sources */,
				74306C20256BE09000CEB143 /* HomeVC.swift in Sources */,
				74505D8A258128F7006750BD /* UserService.swift in Sources */,
				74306C1C256BE09000CEB143 /* AppDelegate.swift in Sources */,
				74672DAB256C5F7200B6AE7D /* Extentions.swift in Sources */,
				74672D82256C390400B6AE7D /* LoginVC.swift in Sources */,
				74505CC72573C686006750BD /* ProductsVC.swift in Sources */,
				74672DCE256CE9F500B6AE7D /* RoundedViews.swift in Sources */,
				74505D9825879F66006750BD /* Cart.swift in Sources */,
				740383262595099A0090FF7E /* purchaseDoneVC.swift in Sources */,
				74505D852580A40F006750BD /* User.swift in Sources */,
				74505C662570BD6D006750BD /* FirebaseAndUtils.swift in Sources */,
				74672DC9256CD39A00B6AE7D /* Constants.swift in Sources */,
				74306C1E256BE09000CEB143 /* SceneDelegate.swift in Sources */,
				74672D86256C391900B6AE7D /* RegisterVC.swift in Sources */,
				74505C9B2570D2E0006750BD /* Category.swift in Sources */,
				74505CEB257407D0006750BD /* ProductCell.swift in Sources */,
				74505D0F257C31CA006750BD /* ProductDetailVC.swift in Sources */,
				7403837D2597E3DC0090FF7E /* iCarousel.m in Sources */,
				74505CA32573067C006750BD /* CategoryCell.swift in Sources */,
				740383F32598592F0090FF7E /* Carousel.swift in Sources */,
				74505CCB2573C80C006750BD /* Product.swift in Sources */,
			);
			runOnlyForDeploymentPostprocessing = 0;
		};
		74306C30256BE0AB00CEB143 /* Sources */ = {
			isa = PBXSourcesBuildPhase;
			buildActionMask = 2147483647;
			files = (
				74306C3B256BE0AB00CEB143 /* AdminHomeVC.swift in Sources */,
				74505DCC258A29DA006750BD /* ProductDetailVC.swift in Sources */,
				74505D35257D213F006750BD /* RoundedViews.swift in Sources */,
				74505DBF2589160A006750BD /* UserService.swift in Sources */,
				74505C9C2570D2E0006750BD /* Category.swift in Sources */,
				740383A32597F29C0090FF7E /* Purchase.swift in Sources */,
				74306C37256BE0AB00CEB143 /* AppDelegate.swift in Sources */,
				74505D15257D1E8F006750BD /* HomeVC.swift in Sources */,
				74505D55257D2226006750BD /* ProductsVC.swift in Sources */,
				740383A92597F2EE0090FF7E /* purchaseDoneVC.swift in Sources */,
				74505DC52589162E006750BD /* Cart.swift in Sources */,
				74505D7D257E98B6006750BD /* AdminProductsVC.swift in Sources */,
				74505D81257EA69E006750BD /* AddEditProductVC.swift in Sources */,
				74505C692570BEF6006750BD /* FirebaseAndUtils.swift in Sources */,
				7403837E2597E3DC0090FF7E /* iCarousel.m in Sources */,
				740383F42598592F0090FF7E /* Carousel.swift in Sources */,
				740383A62597F2D90090FF7E /* CartItemCell.swift in Sources */,
				74505D76257DF47D006750BD /* AddEditCaregoryVC.swift in Sources */,
				740383832597EF150090FF7E /* CheckoutVC.swift in Sources */,
				74505D18257D20E0006750BD /* Constants.swift in Sources */,
				74306C39256BE0AB00CEB143 /* SceneDelegate.swift in Sources */,
				74505D38257D2148006750BD /* Extentions.swift in Sources */,
				74505CEC257407D0006750BD /* ProductCell.swift in Sources */,
				74505CA42573067C006750BD /* CategoryCell.swift in Sources */,
				74505CCC2573C80C006750BD /* Product.swift in Sources */,
				74505DC225891628006750BD /* User.swift in Sources */,
			);
			runOnlyForDeploymentPostprocessing = 0;
		};
/* End PBXSourcesBuildPhase section */

/* Begin PBXVariantGroup section */
		74306C21256BE09000CEB143 /* Main.storyboard */ = {
			isa = PBXVariantGroup;
			children = (
				74306C22256BE09000CEB143 /* Base */,
			);
			name = Main.storyboard;
			sourceTree = "<group>";
		};
		74306C26256BE09100CEB143 /* LaunchScreen.storyboard */ = {
			isa = PBXVariantGroup;
			children = (
				74306C27256BE09100CEB143 /* Base */,
			);
			name = LaunchScreen.storyboard;
			sourceTree = "<group>";
		};
		74306C3C256BE0AB00CEB143 /* Main.storyboard */ = {
			isa = PBXVariantGroup;
			children = (
				74306C3D256BE0AB00CEB143 /* Base */,
			);
			name = Main.storyboard;
			sourceTree = "<group>";
		};
		74306C41256BE0AC00CEB143 /* LaunchScreen.storyboard */ = {
			isa = PBXVariantGroup;
			children = (
				74306C42256BE0AC00CEB143 /* Base */,
			);
			name = LaunchScreen.storyboard;
			sourceTree = "<group>";
		};
/* End PBXVariantGroup section */

/* Begin XCBuildConfiguration section */
		74306C2A256BE09100CEB143 /* Debug */ = {
			isa = XCBuildConfiguration;
			buildSettings = {
				ALWAYS_SEARCH_USER_PATHS = NO;
				CLANG_ANALYZER_NONNULL = YES;
				CLANG_ANALYZER_NUMBER_OBJECT_CONVERSION = YES_AGGRESSIVE;
				CLANG_CXX_LANGUAGE_STANDARD = "gnu++14";
				CLANG_CXX_LIBRARY = "libc++";
				CLANG_ENABLE_MODULES = YES;
				CLANG_ENABLE_OBJC_ARC = YES;
				CLANG_ENABLE_OBJC_WEAK = YES;
				CLANG_WARN_BLOCK_CAPTURE_AUTORELEASING = YES;
				CLANG_WARN_BOOL_CONVERSION = YES;
				CLANG_WARN_COMMA = YES;
				CLANG_WARN_CONSTANT_CONVERSION = YES;
				CLANG_WARN_DEPRECATED_OBJC_IMPLEMENTATIONS = YES;
				CLANG_WARN_DIRECT_OBJC_ISA_USAGE = YES_ERROR;
				CLANG_WARN_DOCUMENTATION_COMMENTS = YES;
				CLANG_WARN_EMPTY_BODY = YES;
				CLANG_WARN_ENUM_CONVERSION = YES;
				CLANG_WARN_INFINITE_RECURSION = YES;
				CLANG_WARN_INT_CONVERSION = YES;
				CLANG_WARN_NON_LITERAL_NULL_CONVERSION = YES;
				CLANG_WARN_OBJC_IMPLICIT_RETAIN_SELF = YES;
				CLANG_WARN_OBJC_LITERAL_CONVERSION = YES;
				CLANG_WARN_OBJC_ROOT_CLASS = YES_ERROR;
				CLANG_WARN_QUOTED_INCLUDE_IN_FRAMEWORK_HEADER = YES;
				CLANG_WARN_RANGE_LOOP_ANALYSIS = YES;
				CLANG_WARN_STRICT_PROTOTYPES = YES;
				CLANG_WARN_SUSPICIOUS_MOVE = YES;
				CLANG_WARN_UNGUARDED_AVAILABILITY = YES_AGGRESSIVE;
				CLANG_WARN_UNREACHABLE_CODE = YES;
				CLANG_WARN__DUPLICATE_METHOD_MATCH = YES;
				COPY_PHASE_STRIP = NO;
				DEBUG_INFORMATION_FORMAT = dwarf;
				ENABLE_STRICT_OBJC_MSGSEND = YES;
				ENABLE_TESTABILITY = YES;
				GCC_C_LANGUAGE_STANDARD = gnu11;
				GCC_DYNAMIC_NO_PIC = NO;
				GCC_NO_COMMON_BLOCKS = YES;
				GCC_OPTIMIZATION_LEVEL = 0;
				GCC_PREPROCESSOR_DEFINITIONS = (
					"DEBUG=1",
					"$(inherited)",
				);
				GCC_WARN_64_TO_32_BIT_CONVERSION = YES;
				GCC_WARN_ABOUT_RETURN_TYPE = YES_ERROR;
				GCC_WARN_UNDECLARED_SELECTOR = YES;
				GCC_WARN_UNINITIALIZED_AUTOS = YES_AGGRESSIVE;
				GCC_WARN_UNUSED_FUNCTION = YES;
				GCC_WARN_UNUSED_VARIABLE = YES;
				IPHONEOS_DEPLOYMENT_TARGET = 14.2;
				MTL_ENABLE_DEBUG_INFO = INCLUDE_SOURCE;
				MTL_FAST_MATH = YES;
				ONLY_ACTIVE_ARCH = YES;
				SDKROOT = iphoneos;
				SWIFT_ACTIVE_COMPILATION_CONDITIONS = DEBUG;
				SWIFT_OPTIMIZATION_LEVEL = "-Onone";
			};
			name = Debug;
		};
		74306C2B256BE09100CEB143 /* Release */ = {
			isa = XCBuildConfiguration;
			buildSettings = {
				ALWAYS_SEARCH_USER_PATHS = NO;
				CLANG_ANALYZER_NONNULL = YES;
				CLANG_ANALYZER_NUMBER_OBJECT_CONVERSION = YES_AGGRESSIVE;
				CLANG_CXX_LANGUAGE_STANDARD = "gnu++14";
				CLANG_CXX_LIBRARY = "libc++";
				CLANG_ENABLE_MODULES = YES;
				CLANG_ENABLE_OBJC_ARC = YES;
				CLANG_ENABLE_OBJC_WEAK = YES;
				CLANG_WARN_BLOCK_CAPTURE_AUTORELEASING = YES;
				CLANG_WARN_BOOL_CONVERSION = YES;
				CLANG_WARN_COMMA = YES;
				CLANG_WARN_CONSTANT_CONVERSION = YES;
				CLANG_WARN_DEPRECATED_OBJC_IMPLEMENTATIONS = YES;
				CLANG_WARN_DIRECT_OBJC_ISA_USAGE = YES_ERROR;
				CLANG_WARN_DOCUMENTATION_COMMENTS = YES;
				CLANG_WARN_EMPTY_BODY = YES;
				CLANG_WARN_ENUM_CONVERSION = YES;
				CLANG_WARN_INFINITE_RECURSION = YES;
				CLANG_WARN_INT_CONVERSION = YES;
				CLANG_WARN_NON_LITERAL_NULL_CONVERSION = YES;
				CLANG_WARN_OBJC_IMPLICIT_RETAIN_SELF = YES;
				CLANG_WARN_OBJC_LITERAL_CONVERSION = YES;
				CLANG_WARN_OBJC_ROOT_CLASS = YES_ERROR;
				CLANG_WARN_QUOTED_INCLUDE_IN_FRAMEWORK_HEADER = YES;
				CLANG_WARN_RANGE_LOOP_ANALYSIS = YES;
				CLANG_WARN_STRICT_PROTOTYPES = YES;
				CLANG_WARN_SUSPICIOUS_MOVE = YES;
				CLANG_WARN_UNGUARDED_AVAILABILITY = YES_AGGRESSIVE;
				CLANG_WARN_UNREACHABLE_CODE = YES;
				CLANG_WARN__DUPLICATE_METHOD_MATCH = YES;
				COPY_PHASE_STRIP = NO;
				DEBUG_INFORMATION_FORMAT = "dwarf-with-dsym";
				ENABLE_NS_ASSERTIONS = NO;
				ENABLE_STRICT_OBJC_MSGSEND = YES;
				GCC_C_LANGUAGE_STANDARD = gnu11;
				GCC_NO_COMMON_BLOCKS = YES;
				GCC_WARN_64_TO_32_BIT_CONVERSION = YES;
				GCC_WARN_ABOUT_RETURN_TYPE = YES_ERROR;
				GCC_WARN_UNDECLARED_SELECTOR = YES;
				GCC_WARN_UNINITIALIZED_AUTOS = YES_AGGRESSIVE;
				GCC_WARN_UNUSED_FUNCTION = YES;
				GCC_WARN_UNUSED_VARIABLE = YES;
				IPHONEOS_DEPLOYMENT_TARGET = 14.2;
				MTL_ENABLE_DEBUG_INFO = NO;
				MTL_FAST_MATH = YES;
				SDKROOT = iphoneos;
				SWIFT_COMPILATION_MODE = wholemodule;
				SWIFT_OPTIMIZATION_LEVEL = "-O";
				VALIDATE_PRODUCT = YES;
			};
			name = Release;
		};
		74306C2D256BE09100CEB143 /* Debug */ = {
			isa = XCBuildConfiguration;
			baseConfigurationReference = 2A018D6B69797A09044813B8 /* Pods-ecommerce-app.debug.xcconfig */;
			buildSettings = {
				ASSETCATALOG_COMPILER_APPICON_NAME = AppIcon;
				ASSETCATALOG_COMPILER_GLOBAL_ACCENT_COLOR_NAME = AccentColor;
				CLANG_ENABLE_MODULES = YES;
				CODE_SIGN_IDENTITY = "Apple Development";
				CODE_SIGN_STYLE = Automatic;
				DEVELOPMENT_TEAM = 523JTT8XH7;
				INFOPLIST_FILE = "ecommerce-app/Info.plist";
				IPHONEOS_DEPLOYMENT_TARGET = 13.0;
				LD_RUNPATH_SEARCH_PATHS = (
					"$(inherited)",
					"@executable_path/Frameworks",
				);
				PRODUCT_BUNDLE_IDENTIFIER = "com.aminovavi.ecommerce-app";
				PRODUCT_NAME = "$(TARGET_NAME)";
				PROVISIONING_PROFILE_SPECIFIER = "";
				SWIFT_OBJC_BRIDGING_HEADER = "ecommerce-app-Bridging-Header.h";
				SWIFT_OPTIMIZATION_LEVEL = "-Onone";
				SWIFT_VERSION = 5.0;
				TARGETED_DEVICE_FAMILY = "1,2";
			};
			name = Debug;
		};
		74306C2E256BE09100CEB143 /* Release */ = {
			isa = XCBuildConfiguration;
			baseConfigurationReference = 749C381E10CE267D285F1160 /* Pods-ecommerce-app.release.xcconfig */;
			buildSettings = {
				ASSETCATALOG_COMPILER_APPICON_NAME = AppIcon;
				ASSETCATALOG_COMPILER_GLOBAL_ACCENT_COLOR_NAME = AccentColor;
				CLANG_ENABLE_MODULES = YES;
				CODE_SIGN_IDENTITY = "Apple Development";
				CODE_SIGN_STYLE = Automatic;
				DEVELOPMENT_TEAM = 523JTT8XH7;
				INFOPLIST_FILE = "ecommerce-app/Info.plist";
				IPHONEOS_DEPLOYMENT_TARGET = 13.0;
				LD_RUNPATH_SEARCH_PATHS = (
					"$(inherited)",
					"@executable_path/Frameworks",
				);
				PRODUCT_BUNDLE_IDENTIFIER = "com.aminovavi.ecommerce-app";
				PRODUCT_NAME = "$(TARGET_NAME)";
				PROVISIONING_PROFILE_SPECIFIER = "";
				SWIFT_OBJC_BRIDGING_HEADER = "ecommerce-app-Bridging-Header.h";
				SWIFT_VERSION = 5.0;
				TARGETED_DEVICE_FAMILY = "1,2";
			};
			name = Release;
		};
		74306C46256BE0AC00CEB143 /* Debug */ = {
			isa = XCBuildConfiguration;
			baseConfigurationReference = E7FC535A15EF6CC5D71AA5F9 /* Pods-ecommerce-admin.debug.xcconfig */;
			buildSettings = {
				ASSETCATALOG_COMPILER_APPICON_NAME = "AppIcon-admin";
				ASSETCATALOG_COMPILER_GLOBAL_ACCENT_COLOR_NAME = AccentColor;
				CLANG_ENABLE_MODULES = YES;
				CODE_SIGN_STYLE = Automatic;
				DEVELOPMENT_TEAM = 523JTT8XH7;
				INFOPLIST_FILE = "ecommerce-admin/Info.plist";
				IPHONEOS_DEPLOYMENT_TARGET = 13.0;
				LD_RUNPATH_SEARCH_PATHS = (
					"$(inherited)",
					"@executable_path/Frameworks",
				);
				PRODUCT_BUNDLE_IDENTIFIER = "com.aminovavi.ecommerce-admin";
				PRODUCT_NAME = "$(TARGET_NAME)";
				SWIFT_OBJC_BRIDGING_HEADER = "ecommerce-admin-Bridging-Header.h";
				SWIFT_OPTIMIZATION_LEVEL = "-Onone";
				SWIFT_VERSION = 5.0;
				TARGETED_DEVICE_FAMILY = "1,2";
			};
			name = Debug;
		};
		74306C47256BE0AC00CEB143 /* Release */ = {
			isa = XCBuildConfiguration;
			baseConfigurationReference = 7A709E2E49C09329F85D7AA2 /* Pods-ecommerce-admin.release.xcconfig */;
			buildSettings = {
				ASSETCATALOG_COMPILER_APPICON_NAME = "AppIcon-admin";
				ASSETCATALOG_COMPILER_GLOBAL_ACCENT_COLOR_NAME = AccentColor;
				CLANG_ENABLE_MODULES = YES;
				CODE_SIGN_STYLE = Automatic;
				DEVELOPMENT_TEAM = 523JTT8XH7;
				INFOPLIST_FILE = "ecommerce-admin/Info.plist";
				IPHONEOS_DEPLOYMENT_TARGET = 13.0;
				LD_RUNPATH_SEARCH_PATHS = (
					"$(inherited)",
					"@executable_path/Frameworks",
				);
				PRODUCT_BUNDLE_IDENTIFIER = "com.aminovavi.ecommerce-admin";
				PRODUCT_NAME = "$(TARGET_NAME)";
				SWIFT_OBJC_BRIDGING_HEADER = "ecommerce-admin-Bridging-Header.h";
				SWIFT_VERSION = 5.0;
				TARGETED_DEVICE_FAMILY = "1,2";
			};
			name = Release;
		};
/* End XCBuildConfiguration section */

/* Begin XCConfigurationList section */
		74306C13256BE09000CEB143 /* Build configuration list for PBXProject "ecommerce-app" */ = {
			isa = XCConfigurationList;
			buildConfigurations = (
				74306C2A256BE09100CEB143 /* Debug */,
				74306C2B256BE09100CEB143 /* Release */,
			);
			defaultConfigurationIsVisible = 0;
			defaultConfigurationName = Release;
		};
		74306C2C256BE09100CEB143 /* Build configuration list for PBXNativeTarget "ecommerce-app" */ = {
			isa = XCConfigurationList;
			buildConfigurations = (
				74306C2D256BE09100CEB143 /* Debug */,
				74306C2E256BE09100CEB143 /* Release */,
			);
			defaultConfigurationIsVisible = 0;
			defaultConfigurationName = Release;
		};
		74306C45256BE0AC00CEB143 /* Build configuration list for PBXNativeTarget "ecommerce-admin" */ = {
			isa = XCConfigurationList;
			buildConfigurations = (
				74306C46256BE0AC00CEB143 /* Debug */,
				74306C47256BE0AC00CEB143 /* Release */,
			);
			defaultConfigurationIsVisible = 0;
			defaultConfigurationName = Release;
		};
/* End XCConfigurationList section */
	};
	rootObject = 74306C10256BE09000CEB143 /* Project object */;
}
